{
  "pins" : [
    {
      "identity" : "libaom-xcode",
      "kind" : "remoteSourceControl",
      "location" : "https://github.com/SDWebImage/libaom-Xcode.git",
      "state" : {
        "revision" : "482cafbebbc5f32378b82339b7580761fab4fd23",
        "version" : "2.0.2"
      }
    },
    {
      "identity" : "libavif-xcode",
      "kind" : "remoteSourceControl",
      "location" : "https://github.com/SDWebImage/libavif-Xcode.git",
      "state" : {
        "revision" : "218c03f0a1bda570dc650e26a4daf87351ab28a3",
        "version" : "0.9.2"
      }
    },
    {
      "identity" : "libvmaf-xcode",
      "kind" : "remoteSourceControl",
      "location" : "https://github.com/SDWebImage/libvmaf-Xcode.git",
      "state" : {
        "revision" : "26544e92506764862358ce2198ddab9af7685ed5",
        "version" : "2.2.0"
      }
    }
  ],
  "version" : 2
}
